
Microsoft Visual Studio Solution File, Format Version 12.00
# Visual Studio Version 17
VisualStudioVersion = 17.14.36202.13 d17.14
MinimumVisualStudioVersion = 10.0.40219.1
Project("{F2A71F9B-5D33-465A-A702-920D77279786}") = "FunctionalEngine", "FunctionalEngine\FunctionalEngine.fsproj", "{6C25C7BA-8E86-4571-9779-61825A5E4161}"
EndProject
Global
	GlobalSection(SolutionConfigurationPlatforms) = preSolution
		Debug|Any CPU = Debug|Any CPU
		Release|Any CPU = Release|Any CPU
	EndGlobalSection
	GlobalSection(ProjectConfigurationPlatforms) = postSolution
		{6C25C7BA-8E86-4571-9779-61825A5E4161}.Debug|Any CPU.ActiveCfg = Debug|Any CPU
		{6C25C7BA-8E86-4571-9779-61825A5E4161}.Debug|Any CPU.Build.0 = Debug|Any CPU
		{6C25C7BA-8E86-4571-9779-61825A5E4161}.Release|Any CPU.ActiveCfg = Release|Any CPU
		{6C25C7BA-8E86-4571-9779-61825A5E4161}.Release|Any CPU.Build.0 = Release|Any CPU
	EndGlobalSection
	GlobalSection(SolutionProperties) = preSolution
		HideSolutionNode = FALSE
	EndGlobalSection
	GlobalSection(ExtensibilityGlobals) = postSolution
		SolutionGuid = {DA53C0B8-45BD-4030-83ED-1544502C97BD}
	EndGlobalSection
EndGlobal
